
Microsoft Visual Studio Solution File, Format Version 12.00
# Visual Studio Version 17
VisualStudioVersion = 17.11.35219.272
MinimumVisualStudioVersion = 10.0.40219.1
Project("{9A19103F-16F7-4668-BE54-9A1E7A4F7556}") = "SpreadSheet_Alex_Lopez", "SpreadSheet_Alex_Lopez\SpreadSheet_Alex_Lopez.csproj", "{5C2488D8-BE0F-491D-A3BB-27C5440F193A}"
EndProject
Project("{9A19103F-16F7-4668-BE54-9A1E7A4F7556}") = "SpreadSheetEngine", "SpreadSheetEngine\SpreadSheetEngine.csproj", "{F405639C-66D3-4DA1-8594-67C672A4F058}"
EndProject
Project("{9A19103F-16F7-4668-BE54-9A1E7A4F7556}") = "SpreadSheetTests", "SpreadSheetTests\SpreadSheetTests.csproj", "{35EE8C0B-D126-44C3-8ECB-DF80F018BFBE}"
EndProject
Project("{FAE04EC0-301F-11D3-BF4B-00C04F79EFBC}") = "MenuExpression", "MenuExpression\MenuExpression.csproj", "{DAA10C33-B932-4829-A897-746D74DA7311}"
EndProject
Global
	GlobalSection(SolutionConfigurationPlatforms) = preSolution
		Debug|Any CPU = Debug|Any CPU
		Release|Any CPU = Release|Any CPU
	EndGlobalSection
	GlobalSection(ProjectConfigurationPlatforms) = postSolution
		{5C2488D8-BE0F-491D-A3BB-27C5440F193A}.Debug|Any CPU.ActiveCfg = Debug|Any CPU
		{5C2488D8-BE0F-491D-A3BB-27C5440F193A}.Debug|Any CPU.Build.0 = Debug|Any CPU
		{5C2488D8-BE0F-491D-A3BB-27C5440F193A}.Release|Any CPU.ActiveCfg = Release|Any CPU
		{5C2488D8-BE0F-491D-A3BB-27C5440F193A}.Release|Any CPU.Build.0 = Release|Any CPU
		{F405639C-66D3-4DA1-8594-67C672A4F058}.Debug|Any CPU.ActiveCfg = Debug|Any CPU
		{F405639C-66D3-4DA1-8594-67C672A4F058}.Debug|Any CPU.Build.0 = Debug|Any CPU
		{F405639C-66D3-4DA1-8594-67C672A4F058}.Release|Any CPU.ActiveCfg = Release|Any CPU
		{F405639C-66D3-4DA1-8594-67C672A4F058}.Release|Any CPU.Build.0 = Release|Any CPU
		{35EE8C0B-D126-44C3-8ECB-DF80F018BFBE}.Debug|Any CPU.ActiveCfg = Debug|Any CPU
		{35EE8C0B-D126-44C3-8ECB-DF80F018BFBE}.Debug|Any CPU.Build.0 = Debug|Any CPU
		{35EE8C0B-D126-44C3-8ECB-DF80F018BFBE}.Release|Any CPU.ActiveCfg = Release|Any CPU
		{35EE8C0B-D126-44C3-8ECB-DF80F018BFBE}.Release|Any CPU.Build.0 = Release|Any CPU
		{DAA10C33-B932-4829-A897-746D74DA7311}.Debug|Any CPU.ActiveCfg = Debug|Any CPU
		{DAA10C33-B932-4829-A897-746D74DA7311}.Debug|Any CPU.Build.0 = Debug|Any CPU
		{DAA10C33-B932-4829-A897-746D74DA7311}.Release|Any CPU.ActiveCfg = Release|Any CPU
		{DAA10C33-B932-4829-A897-746D74DA7311}.Release|Any CPU.Build.0 = Release|Any CPU
	EndGlobalSection
	GlobalSection(SolutionProperties) = preSolution
		HideSolutionNode = FALSE
	EndGlobalSection
	GlobalSection(ExtensibilityGlobals) = postSolution
		SolutionGuid = {C554C1E7-A977-4247-93E9-7750801A9A9D}
	EndGlobalSection
EndGlobal
